
Microsoft Visual Studio Solution File, Format Version 12.00
# Visual Studio Version 17
VisualStudioVersion = 17.0.32014.148
MinimumVisualStudioVersion = 10.0.40219.1
Project("{9A19103F-16F7-4668-BE54-9A1E7A4F7556}") = "ShikiManager", "ShikiManager\ShikiManager.csproj", "{04085CB9-C642-47EA-BEE4-726ED7665E27}"
EndProject
Project("{9A19103F-16F7-4668-BE54-9A1E7A4F7556}") = "HelperConfig", "HelperConfig\HelperConfig.csproj", "{A209C26A-9931-407C-99F3-275C70932D6A}"
EndProject
Project("{9A19103F-16F7-4668-BE54-9A1E7A4F7556}") = "HelperExternDll", "HelperExternDll\HelperExternDll.csproj", "{E9D999A9-0C68-44E1-BD3D-AA22BADB17DA}"
EndProject
Project("{9A19103F-16F7-4668-BE54-9A1E7A4F7556}") = "HelperLocaleEmulator", "HelperLocaleEmulator\HelperLocaleEmulator.csproj", "{826906B5-D3DA-4F58-AAF6-F2FFC7C2680B}"
EndProject
Project("{9A19103F-16F7-4668-BE54-9A1E7A4F7556}") = "HelperMeCab", "HelperMeCab\HelperMeCab.csproj", "{58AD3C0B-CD88-4AC7-B7B0-CBB0FAB390AB}"
EndProject
Project("{9A19103F-16F7-4668-BE54-9A1E7A4F7556}") = "HelperNtleas", "HelperNtleas\HelperNtleas.csproj", "{5252B03D-B045-43F3-B010-49DEE0E69340}"
EndProject
Project("{9A19103F-16F7-4668-BE54-9A1E7A4F7556}") = "HelperTextractor", "HelperTextractor\HelperTextractor.csproj", "{66D8DD38-9774-446F-ACDF-DD03AB4A2B6C}"
EndProject
Global
	GlobalSection(SolutionConfigurationPlatforms) = preSolution
		Debug|Any CPU = Debug|Any CPU
		Release|Any CPU = Release|Any CPU
	EndGlobalSection
	GlobalSection(ProjectConfigurationPlatforms) = postSolution
		{04085CB9-C642-47EA-BEE4-726ED7665E27}.Debug|Any CPU.ActiveCfg = Debug|Any CPU
		{04085CB9-C642-47EA-BEE4-726ED7665E27}.Debug|Any CPU.Build.0 = Debug|Any CPU
		{04085CB9-C642-47EA-BEE4-726ED7665E27}.Release|Any CPU.ActiveCfg = Release|Any CPU
		{04085CB9-C642-47EA-BEE4-726ED7665E27}.Release|Any CPU.Build.0 = Release|Any CPU
		{A209C26A-9931-407C-99F3-275C70932D6A}.Debug|Any CPU.ActiveCfg = Debug|Any CPU
		{A209C26A-9931-407C-99F3-275C70932D6A}.Debug|Any CPU.Build.0 = Debug|Any CPU
		{A209C26A-9931-407C-99F3-275C70932D6A}.Release|Any CPU.ActiveCfg = Release|Any CPU
		{A209C26A-9931-407C-99F3-275C70932D6A}.Release|Any CPU.Build.0 = Release|Any CPU
		{E9D999A9-0C68-44E1-BD3D-AA22BADB17DA}.Debug|Any CPU.ActiveCfg = Debug|Any CPU
		{E9D999A9-0C68-44E1-BD3D-AA22BADB17DA}.Debug|Any CPU.Build.0 = Debug|Any CPU
		{E9D999A9-0C68-44E1-BD3D-AA22BADB17DA}.Release|Any CPU.ActiveCfg = Release|Any CPU
		{E9D999A9-0C68-44E1-BD3D-AA22BADB17DA}.Release|Any CPU.Build.0 = Release|Any CPU
		{826906B5-D3DA-4F58-AAF6-F2FFC7C2680B}.Debug|Any CPU.ActiveCfg = Debug|Any CPU
		{826906B5-D3DA-4F58-AAF6-F2FFC7C2680B}.Debug|Any CPU.Build.0 = Debug|Any CPU
		{826906B5-D3DA-4F58-AAF6-F2FFC7C2680B}.Release|Any CPU.ActiveCfg = Release|Any CPU
		{826906B5-D3DA-4F58-AAF6-F2FFC7C2680B}.Release|Any CPU.Build.0 = Release|Any CPU
		{58AD3C0B-CD88-4AC7-B7B0-CBB0FAB390AB}.Debug|Any CPU.ActiveCfg = Debug|Any CPU
		{58AD3C0B-CD88-4AC7-B7B0-CBB0FAB390AB}.Debug|Any CPU.Build.0 = Debug|Any CPU
		{58AD3C0B-CD88-4AC7-B7B0-CBB0FAB390AB}.Release|Any CPU.ActiveCfg = Release|Any CPU
		{58AD3C0B-CD88-4AC7-B7B0-CBB0FAB390AB}.Release|Any CPU.Build.0 = Release|Any CPU
		{5252B03D-B045-43F3-B010-49DEE0E69340}.Debug|Any CPU.ActiveCfg = Debug|Any CPU
		{5252B03D-B045-43F3-B010-49DEE0E69340}.Debug|Any CPU.Build.0 = Debug|Any CPU
		{5252B03D-B045-43F3-B010-49DEE0E69340}.Release|Any CPU.ActiveCfg = Release|Any CPU
		{5252B03D-B045-43F3-B010-49DEE0E69340}.Release|Any CPU.Build.0 = Release|Any CPU
		{66D8DD38-9774-446F-ACDF-DD03AB4A2B6C}.Debug|Any CPU.ActiveCfg = Debug|Any CPU
		{66D8DD38-9774-446F-ACDF-DD03AB4A2B6C}.Debug|Any CPU.Build.0 = Debug|Any CPU
		{66D8DD38-9774-446F-ACDF-DD03AB4A2B6C}.Release|Any CPU.ActiveCfg = Release|Any CPU
		{66D8DD38-9774-446F-ACDF-DD03AB4A2B6C}.Release|Any CPU.Build.0 = Release|Any CPU
	EndGlobalSection
	GlobalSection(SolutionProperties) = preSolution
		HideSolutionNode = FALSE
	EndGlobalSection
	GlobalSection(ExtensibilityGlobals) = postSolution
		SolutionGuid = {E4634AEA-B119-4655-B947-445058A24960}
	EndGlobalSection
EndGlobal
