
Microsoft Visual Studio Solution File, Format Version 12.00
# Visual Studio Version 16
VisualStudioVersion = 16.0.31205.134
MinimumVisualStudioVersion = 10.0.40219.1
Project("{9A19103F-16F7-4668-BE54-9A1E7A4F7556}") = "ShikiManager", "ShikiManager\ShikiManager.csproj", "{F58134FD-4A2F-4B11-A660-C5CC63522A33}"
	ProjectSection(ProjectDependencies) = postProject
		{CDEA2489-46A2-498A-A019-1E386A9D120D} = {CDEA2489-46A2-498A-A019-1E386A9D120D}
	EndProjectSection
EndProject
Project("{9A19103F-16F7-4668-BE54-9A1E7A4F7556}") = "HelperConfig", "HelperConfig\HelperConfig.csproj", "{CDEA2489-46A2-498A-A019-1E386A9D120D}"
EndProject
Project("{9A19103F-16F7-4668-BE54-9A1E7A4F7556}") = "HelperLocaleEmulator", "HelperLocaleEmulator\HelperLocaleEmulator.csproj", "{F603DFD8-694A-4B52-AD68-1A903FA11173}"
EndProject
Project("{9A19103F-16F7-4668-BE54-9A1E7A4F7556}") = "HelperMeCab", "HelperMeCab\HelperMeCab.csproj", "{0369B29C-F52C-4F0F-80C5-738C8F1E848B}"
EndProject
Project("{9A19103F-16F7-4668-BE54-9A1E7A4F7556}") = "HelperNtleas", "HelperNtleas\HelperNtleas.csproj", "{11532283-1A06-4F3E-9C93-151690BE2AEA}"
EndProject
Project("{9A19103F-16F7-4668-BE54-9A1E7A4F7556}") = "HelperTextractor", "HelperTextractor\HelperTextractor.csproj", "{51FA5ECE-7A9A-4D50-A14F-5DFEC6B7C951}"
EndProject
Project("{FAE04EC0-301F-11D3-BF4B-00C04F79EFBC}") = "HelperExternDll", "HelperExternDll\HelperExternDll.csproj", "{F57698D0-3D3E-4733-9F6C-FB5886FBF4F2}"
EndProject
Global
	GlobalSection(SolutionConfigurationPlatforms) = preSolution
		Debug|Any CPU = Debug|Any CPU
		Release|Any CPU = Release|Any CPU
	EndGlobalSection
	GlobalSection(ProjectConfigurationPlatforms) = postSolution
		{F58134FD-4A2F-4B11-A660-C5CC63522A33}.Debug|Any CPU.ActiveCfg = Debug|Any CPU
		{F58134FD-4A2F-4B11-A660-C5CC63522A33}.Debug|Any CPU.Build.0 = Debug|Any CPU
		{F58134FD-4A2F-4B11-A660-C5CC63522A33}.Release|Any CPU.ActiveCfg = Release|Any CPU
		{F58134FD-4A2F-4B11-A660-C5CC63522A33}.Release|Any CPU.Build.0 = Release|Any CPU
		{CDEA2489-46A2-498A-A019-1E386A9D120D}.Debug|Any CPU.ActiveCfg = Debug|Any CPU
		{CDEA2489-46A2-498A-A019-1E386A9D120D}.Debug|Any CPU.Build.0 = Debug|Any CPU
		{CDEA2489-46A2-498A-A019-1E386A9D120D}.Release|Any CPU.ActiveCfg = Release|Any CPU
		{CDEA2489-46A2-498A-A019-1E386A9D120D}.Release|Any CPU.Build.0 = Release|Any CPU
		{F603DFD8-694A-4B52-AD68-1A903FA11173}.Debug|Any CPU.ActiveCfg = Debug|Any CPU
		{F603DFD8-694A-4B52-AD68-1A903FA11173}.Debug|Any CPU.Build.0 = Debug|Any CPU
		{F603DFD8-694A-4B52-AD68-1A903FA11173}.Release|Any CPU.ActiveCfg = Release|Any CPU
		{F603DFD8-694A-4B52-AD68-1A903FA11173}.Release|Any CPU.Build.0 = Release|Any CPU
		{0369B29C-F52C-4F0F-80C5-738C8F1E848B}.Debug|Any CPU.ActiveCfg = Debug|Any CPU
		{0369B29C-F52C-4F0F-80C5-738C8F1E848B}.Debug|Any CPU.Build.0 = Debug|Any CPU
		{0369B29C-F52C-4F0F-80C5-738C8F1E848B}.Release|Any CPU.ActiveCfg = Release|Any CPU
		{0369B29C-F52C-4F0F-80C5-738C8F1E848B}.Release|Any CPU.Build.0 = Release|Any CPU
		{11532283-1A06-4F3E-9C93-151690BE2AEA}.Debug|Any CPU.ActiveCfg = Debug|Any CPU
		{11532283-1A06-4F3E-9C93-151690BE2AEA}.Debug|Any CPU.Build.0 = Debug|Any CPU
		{11532283-1A06-4F3E-9C93-151690BE2AEA}.Release|Any CPU.ActiveCfg = Release|Any CPU
		{11532283-1A06-4F3E-9C93-151690BE2AEA}.Release|Any CPU.Build.0 = Release|Any CPU
		{51FA5ECE-7A9A-4D50-A14F-5DFEC6B7C951}.Debug|Any CPU.ActiveCfg = Debug|Any CPU
		{51FA5ECE-7A9A-4D50-A14F-5DFEC6B7C951}.Debug|Any CPU.Build.0 = Debug|Any CPU
		{51FA5ECE-7A9A-4D50-A14F-5DFEC6B7C951}.Release|Any CPU.ActiveCfg = Release|Any CPU
		{51FA5ECE-7A9A-4D50-A14F-5DFEC6B7C951}.Release|Any CPU.Build.0 = Release|Any CPU
		{F57698D0-3D3E-4733-9F6C-FB5886FBF4F2}.Debug|Any CPU.ActiveCfg = Debug|Any CPU
		{F57698D0-3D3E-4733-9F6C-FB5886FBF4F2}.Debug|Any CPU.Build.0 = Debug|Any CPU
		{F57698D0-3D3E-4733-9F6C-FB5886FBF4F2}.Release|Any CPU.ActiveCfg = Release|Any CPU
		{F57698D0-3D3E-4733-9F6C-FB5886FBF4F2}.Release|Any CPU.Build.0 = Release|Any CPU
	EndGlobalSection
	GlobalSection(SolutionProperties) = preSolution
		HideSolutionNode = FALSE
	EndGlobalSection
	GlobalSection(ExtensibilityGlobals) = postSolution
		SolutionGuid = {A724F8AA-11D2-4BD7-BDBF-9C0D28B6137D}
	EndGlobalSection
EndGlobal
